// !$*UTF8*$!
{
	archiveVersion = 1;
	classes = {
	};
	objectVersion = 55;
	objects = {

/* Begin PBXBuildFile section */
		008214BC2A4D9B29008EF285 /* Response.swift in Sources */ = {isa = PBXBuildFile; fileRef = 008214BB2A4D9B29008EF285 /* Response.swift */; };
		008214BE2A4D9B70008EF285 /* ApiService.swift in Sources */ = {isa = PBXBuildFile; fileRef = 008214BD2A4D9B70008EF285 /* ApiService.swift */; };
		008214C02A4D9B88008EF285 /* Connection.swift in Sources */ = {isa = PBXBuildFile; fileRef = 008214BF2A4D9B88008EF285 /* Connection.swift */; };
		008214C42A4D9BBD008EF285 /* HttpRequestHelper.swift in Sources */ = {isa = PBXBuildFile; fileRef = 008214C32A4D9BBD008EF285 /* HttpRequestHelper.swift */; };
		008214C62A4D9E16008EF285 /* ViewModel.swift in Sources */ = {isa = PBXBuildFile; fileRef = 008214C52A4D9E16008EF285 /* ViewModel.swift */; };
		008214C92A4D9F56008EF285 /* OptionTVCell.swift in Sources */ = {isa = PBXBuildFile; fileRef = 008214C82A4D9F56008EF285 /* OptionTVCell.swift */; };
		008214CD2A4DA76E008EF285 /* CellViewModel.swift in Sources */ = {isa = PBXBuildFile; fileRef = 008214CC2A4DA76E008EF285 /* CellViewModel.swift */; };
		00964DCC2A4D92AE0004DCF6 /* LaunchScreen.storyboard in Resources */ = {isa = PBXBuildFile; fileRef = 00964DC82A4D92AE0004DCF6 /* LaunchScreen.storyboard */; };
		00964DCD2A4D92AE0004DCF6 /* Main.storyboard in Resources */ = {isa = PBXBuildFile; fileRef = 00964DCA2A4D92AE0004DCF6 /* Main.storyboard */; };
		00964DD52A4D938B0004DCF6 /* ViewController.swift in Sources */ = {isa = PBXBuildFile; fileRef = 00964DD22A4D938B0004DCF6 /* ViewController.swift */; };
		00964DD62A4D938B0004DCF6 /* AppDelegate.swift in Sources */ = {isa = PBXBuildFile; fileRef = 00964DD32A4D938B0004DCF6 /* AppDelegate.swift */; };
		00964DD72A4D938B0004DCF6 /* SceneDelegate.swift in Sources */ = {isa = PBXBuildFile; fileRef = 00964DD42A4D938B0004DCF6 /* SceneDelegate.swift */; };
		00B1A3192A4D91B600664ED8 /* Assets.xcassets in Resources */ = {isa = PBXBuildFile; fileRef = 00B1A3182A4D91B600664ED8 /* Assets.xcassets */; };
		2D60AFC0857466E9C5584901 /* Pods_Test.framework in Frameworks */ = {isa = PBXBuildFile; fileRef = AAD1F69A3F1AB68CF906D0AD /* Pods_Test.framework */; };
/* End PBXBuildFile section */

/* Begin PBXFileReference section */
		008214BB2A4D9B29008EF285 /* Response.swift */ = {isa = PBXFileReference; lastKnownFileType = sourcecode.swift; path = Response.swift; sourceTree = "<group>"; };
		008214BD2A4D9B70008EF285 /* ApiService.swift */ = {isa = PBXFileReference; lastKnownFileType = sourcecode.swift; path = ApiService.swift; sourceTree = "<group>"; };
		008214BF2A4D9B88008EF285 /* Connection.swift */ = {isa = PBXFileReference; lastKnownFileType = sourcecode.swift; path = Connection.swift; sourceTree = "<group>"; };
		008214C32A4D9BBD008EF285 /* HttpRequestHelper.swift */ = {isa = PBXFileReference; lastKnownFileType = sourcecode.swift; path = HttpRequestHelper.swift; sourceTree = "<group>"; };
		008214C52A4D9E16008EF285 /* ViewModel.swift */ = {isa = PBXFileReference; lastKnownFileType = sourcecode.swift; path = ViewModel.swift; sourceTree = "<group>"; };
		008214C82A4D9F56008EF285 /* OptionTVCell.swift */ = {isa = PBXFileReference; lastKnownFileType = sourcecode.swift; path = OptionTVCell.swift; sourceTree = "<group>"; };
		008214CC2A4DA76E008EF285 /* CellViewModel.swift */ = {isa = PBXFileReference; lastKnownFileType = sourcecode.swift; path = CellViewModel.swift; sourceTree = "<group>"; };
		00964DC92A4D92AE0004DCF6 /* Base */ = {isa = PBXFileReference; lastKnownFileType = file.storyboard; name = Base; path = Base.lproj/LaunchScreen.storyboard; sourceTree = "<group>"; };
		00964DCB2A4D92AE0004DCF6 /* Base */ = {isa = PBXFileReference; lastKnownFileType = file.storyboard; name = Base; path = Base.lproj/Main.storyboard; sourceTree = "<group>"; };
		00964DD22A4D938B0004DCF6 /* ViewController.swift */ = {isa = PBXFileReference; fileEncoding = 4; lastKnownFileType = sourcecode.swift; path = ViewController.swift; sourceTree = "<group>"; };
		00964DD32A4D938B0004DCF6 /* AppDelegate.swift */ = {isa = PBXFileReference; fileEncoding = 4; lastKnownFileType = sourcecode.swift; path = AppDelegate.swift; sourceTree = "<group>"; };
		00964DD42A4D938B0004DCF6 /* SceneDelegate.swift */ = {isa = PBXFileReference; fileEncoding = 4; lastKnownFileType = sourcecode.swift; path = SceneDelegate.swift; sourceTree = "<group>"; };
		00B1A30C2A4D91B500664ED8 /* Test.app */ = {isa = PBXFileReference; explicitFileType = wrapper.application; includeInIndex = 0; path = Test.app; sourceTree = BUILT_PRODUCTS_DIR; };
		00B1A3182A4D91B600664ED8 /* Assets.xcassets */ = {isa = PBXFileReference; lastKnownFileType = folder.assetcatalog; path = Assets.xcassets; sourceTree = "<group>"; };
		00B1A31D2A4D91B600664ED8 /* Info.plist */ = {isa = PBXFileReference; lastKnownFileType = text.plist.xml; path = Info.plist; sourceTree = "<group>"; };
		0CDB63F0FE5FB76C595C8C83 /* Pods-Test.release.xcconfig */ = {isa = PBXFileReference; includeInIndex = 1; lastKnownFileType = text.xcconfig; name = "Pods-Test.release.xcconfig"; path = "Target Support Files/Pods-Test/Pods-Test.release.xcconfig"; sourceTree = "<group>"; };
		AAD1F69A3F1AB68CF906D0AD /* Pods_Test.framework */ = {isa = PBXFileReference; explicitFileType = wrapper.framework; includeInIndex = 0; path = Pods_Test.framework; sourceTree = BUILT_PRODUCTS_DIR; };
		FC5BCDA1FAA18471ACCDEFBC /* Pods-Test.debug.xcconfig */ = {isa = PBXFileReference; includeInIndex = 1; lastKnownFileType = text.xcconfig; name = "Pods-Test.debug.xcconfig"; path = "Target Support Files/Pods-Test/Pods-Test.debug.xcconfig"; sourceTree = "<group>"; };
/* End PBXFileReference section */

/* Begin PBXFrameworksBuildPhase section */
		00B1A3092A4D91B500664ED8 /* Frameworks */ = {
			isa = PBXFrameworksBuildPhase;
			buildActionMask = 2147483647;
			files = (
				2D60AFC0857466E9C5584901 /* Pods_Test.framework in Frameworks */,
			);
			runOnlyForDeploymentPostprocessing = 0;
		};
/* End PBXFrameworksBuildPhase section */

/* Begin PBXGroup section */
		008214B22A4D9A0F008EF285 /* Helpers */ = {
			isa = PBXGroup;
			children = (
				008214C32A4D9BBD008EF285 /* HttpRequestHelper.swift */,
			);
			path = Helpers;
			sourceTree = "<group>";
		};
		008214C72A4D9F30008EF285 /* Cell */ = {
			isa = PBXGroup;
			children = (
				008214C82A4D9F56008EF285 /* OptionTVCell.swift */,
			);
			path = Cell;
			sourceTree = "<group>";
		};
		00964DC72A4D92AE0004DCF6 /* View */ = {
			isa = PBXGroup;
			children = (
				00964DC82A4D92AE0004DCF6 /* LaunchScreen.storyboard */,
				00964DCA2A4D92AE0004DCF6 /* Main.storyboard */,
			);
			path = View;
			sourceTree = "<group>";
		};
		00964DCE2A4D92D30004DCF6 /* ViewModel */ = {
			isa = PBXGroup;
			children = (
				008214C52A4D9E16008EF285 /* ViewModel.swift */,
				008214CC2A4DA76E008EF285 /* CellViewModel.swift */,
			);
			path = ViewModel;
			sourceTree = "<group>";
		};
		00964DCF2A4D93100004DCF6 /* Services */ = {
			isa = PBXGroup;
			children = (
				008214BD2A4D9B70008EF285 /* ApiService.swift */,
				008214BF2A4D9B88008EF285 /* Connection.swift */,
			);
			path = Services;
			sourceTree = "<group>";
		};
		00964DD02A4D93430004DCF6 /* Model */ = {
			isa = PBXGroup;
			children = (
				008214BB2A4D9B29008EF285 /* Response.swift */,
			);
			path = Model;
			sourceTree = "<group>";
		};
		00964DD12A4D938B0004DCF6 /* Controller */ = {
			isa = PBXGroup;
			children = (
				008214C72A4D9F30008EF285 /* Cell */,
				00964DD22A4D938B0004DCF6 /* ViewController.swift */,
				00964DD32A4D938B0004DCF6 /* AppDelegate.swift */,
				00964DD42A4D938B0004DCF6 /* SceneDelegate.swift */,
			);
			path = Controller;
			sourceTree = "<group>";
		};
		00B1A3032A4D91B500664ED8 = {
			isa = PBXGroup;
			children = (
				00B1A30E2A4D91B500664ED8 /* Test */,
				00B1A30D2A4D91B500664ED8 /* Products */,
				458DF7C194C176BCBA8C8B77 /* Pods */,
				28A1F3A07200D36A8F221FDE /* Frameworks */,
			);
			sourceTree = "<group>";
		};
		00B1A30D2A4D91B500664ED8 /* Products */ = {
			isa = PBXGroup;
			children = (
				00B1A30C2A4D91B500664ED8 /* Test.app */,
			);
			name = Products;
			sourceTree = "<group>";
		};
		00B1A30E2A4D91B500664ED8 /* Test */ = {
			isa = PBXGroup;
			children = (
				008214B22A4D9A0F008EF285 /* Helpers */,
				00964DD12A4D938B0004DCF6 /* Controller */,
				00964DD02A4D93430004DCF6 /* Model */,
				00964DCF2A4D93100004DCF6 /* Services */,
				00964DCE2A4D92D30004DCF6 /* ViewModel */,
				00964DC72A4D92AE0004DCF6 /* View */,
				00B1A3182A4D91B600664ED8 /* Assets.xcassets */,
				00B1A31D2A4D91B600664ED8 /* Info.plist */,
			);
			path = Test;
			sourceTree = "<group>";
		};
		28A1F3A07200D36A8F221FDE /* Frameworks */ = {
			isa = PBXGroup;
			children = (
				AAD1F69A3F1AB68CF906D0AD /* Pods_Test.framework */,
			);
			name = Frameworks;
			sourceTree = "<group>";
		};
		458DF7C194C176BCBA8C8B77 /* Pods */ = {
			isa = PBXGroup;
			children = (
				FC5BCDA1FAA18471ACCDEFBC /* Pods-Test.debug.xcconfig */,
				0CDB63F0FE5FB76C595C8C83 /* Pods-Test.release.xcconfig */,
			);
			path = Pods;
			sourceTree = "<group>";
		};
/* End PBXGroup section */

/* Begin PBXNativeTarget section */
		00B1A30B2A4D91B500664ED8 /* Test */ = {
			isa = PBXNativeTarget;
			buildConfigurationList = 00B1A3202A4D91B600664ED8 /* Build configuration list for PBXNativeTarget "Test" */;
			buildPhases = (
				BD5775DE1F36BC7AECC2726B /* [CP] Check Pods Manifest.lock */,
				00B1A3082A4D91B500664ED8 /* Sources */,
				00B1A3092A4D91B500664ED8 /* Frameworks */,
				00B1A30A2A4D91B500664ED8 /* Resources */,
				41A744147BEAC221FCB9222C /* [CP] Embed Pods Frameworks */,
			);
			buildRules = (
			);
			dependencies = (
			);
			name = Test;
			productName = Test;
			productReference = 00B1A30C2A4D91B500664ED8 /* Test.app */;
			productType = "com.apple.product-type.application";
		};
/* End PBXNativeTarget section */

/* Begin PBXProject section */
		00B1A3042A4D91B500664ED8 /* Project object */ = {
			isa = PBXProject;
			attributes = {
				BuildIndependentTargetsInParallel = 1;
				LastSwiftUpdateCheck = 1300;
				LastUpgradeCheck = 1300;
				TargetAttributes = {
					00B1A30B2A4D91B500664ED8 = {
						CreatedOnToolsVersion = 13.0;
					};
				};
			};
			buildConfigurationList = 00B1A3072A4D91B500664ED8 /* Build configuration list for PBXProject "Test" */;
			compatibilityVersion = "Xcode 13.0";
			developmentRegion = en;
			hasScannedForEncodings = 0;
			knownRegions = (
				en,
				Base,
			);
			mainGroup = 00B1A3032A4D91B500664ED8;
			productRefGroup = 00B1A30D2A4D91B500664ED8 /* Products */;
			projectDirPath = "";
			projectRoot = "";
			targets = (
				00B1A30B2A4D91B500664ED8 /* Test */,
			);
		};
/* End PBXProject section */

/* Begin PBXResourcesBuildPhase section */
		00B1A30A2A4D91B500664ED8 /* Resources */ = {
			isa = PBXResourcesBuildPhase;
			buildActionMask = 2147483647;
			files = (
				00964DCD2A4D92AE0004DCF6 /* Main.storyboard in Resources */,
				00B1A3192A4D91B600664ED8 /* Assets.xcassets in Resources */,
				00964DCC2A4D92AE0004DCF6 /* LaunchScreen.storyboard in Resources */,
			);
			runOnlyForDeploymentPostprocessing = 0;
		};
/* End PBXResourcesBuildPhase section */

/* Begin PBXShellScriptBuildPhase section */
		41A744147BEAC221FCB9222C /* [CP] Embed Pods Frameworks */ = {
			isa = PBXShellScriptBuildPhase;
			buildActionMask = 2147483647;
			files = (
			);
			inputFileListPaths = (
				"${PODS_ROOT}/Target Support Files/Pods-Test/Pods-Test-frameworks-${CONFIGURATION}-input-files.xcfilelist",
			);
			name = "[CP] Embed Pods Frameworks";
			outputFileListPaths = (
				"${PODS_ROOT}/Target Support Files/Pods-Test/Pods-Test-frameworks-${CONFIGURATION}-output-files.xcfilelist",
			);
			runOnlyForDeploymentPostprocessing = 0;
			shellPath = /bin/sh;
			shellScript = "\"${PODS_ROOT}/Target Support Files/Pods-Test/Pods-Test-frameworks.sh\"\n";
			showEnvVarsInLog = 0;
		};
		BD5775DE1F36BC7AECC2726B /* [CP] Check Pods Manifest.lock */ = {
			isa = PBXShellScriptBuildPhase;
			buildActionMask = 2147483647;
			files = (
			);
			inputFileListPaths = (
			);
			inputPaths = (
				"${PODS_PODFILE_DIR_PATH}/Podfile.lock",
				"${PODS_ROOT}/Manifest.lock",
			);
			name = "[CP] Check Pods Manifest.lock";
			outputFileListPaths = (
			);
			outputPaths = (
				"$(DERIVED_FILE_DIR)/Pods-Test-checkManifestLockResult.txt",
			);
			runOnlyForDeploymentPostprocessing = 0;
			shellPath = /bin/sh;
			shellScript = "diff \"${PODS_PODFILE_DIR_PATH}/Podfile.lock\" \"${PODS_ROOT}/Manifest.lock\" > /dev/null\nif [ $? != 0 ] ; then\n    # print error to STDERR\n    echo \"error: The sandbox is not in sync with the Podfile.lock. Run 'pod install' or update your CocoaPods installation.\" >&2\n    exit 1\nfi\n# This output is used by Xcode 'outputs' to avoid re-running this script phase.\necho \"SUCCESS\" > \"${SCRIPT_OUTPUT_FILE_0}\"\n";
			showEnvVarsInLog = 0;
		};
/* End PBXShellScriptBuildPhase section */

/* Begin PBXSourcesBuildPhase section */
		00B1A3082A4D91B500664ED8 /* Sources */ = {
			isa = PBXSourcesBuildPhase;
			buildActionMask = 2147483647;
			files = (
				008214BC2A4D9B29008EF285 /* Response.swift in Sources */,
				008214C62A4D9E16008EF285 /* ViewModel.swift in Sources */,
				008214CD2A4DA76E008EF285 /* CellViewModel.swift in Sources */,
				008214C02A4D9B88008EF285 /* Connection.swift in Sources */,
				00964DD62A4D938B0004DCF6 /* AppDelegate.swift in Sources */,
				008214C92A4D9F56008EF285 /* OptionTVCell.swift in Sources */,
				008214C42A4D9BBD008EF285 /* HttpRequestHelper.swift in Sources */,
				00964DD52A4D938B0004DCF6 /* ViewController.swift in Sources */,
				00964DD72A4D938B0004DCF6 /* SceneDelegate.swift in Sources */,
				008214BE2A4D9B70008EF285 /* ApiService.swift in Sources */,
			);
			runOnlyForDeploymentPostprocessing = 0;
		};
/* End PBXSourcesBuildPhase section */

/* Begin PBXVariantGroup section */
		00964DC82A4D92AE0004DCF6 /* LaunchScreen.storyboard */ = {
			isa = PBXVariantGroup;
			children = (
				00964DC92A4D92AE0004DCF6 /* Base */,
			);
			name = LaunchScreen.storyboard;
			sourceTree = "<group>";
		};
		00964DCA2A4D92AE0004DCF6 /* Main.storyboard */ = {
			isa = PBXVariantGroup;
			children = (
				00964DCB2A4D92AE0004DCF6 /* Base */,
			);
			name = Main.storyboard;
			sourceTree = "<group>";
		};
/* End PBXVariantGroup section */

/* Begin XCBuildConfiguration section */
		00B1A31E2A4D91B600664ED8 /* Debug */ = {
			isa = XCBuildConfiguration;
			buildSettings = {
				ALWAYS_SEARCH_USER_PATHS = NO;
				CLANG_ANALYZER_NONNULL = YES;
				CLANG_ANALYZER_NUMBER_OBJECT_CONVERSION = YES_AGGRESSIVE;
				CLANG_CXX_LANGUAGE_STANDARD = "gnu++17";
				CLANG_CXX_LIBRARY = "libc++";
				CLANG_ENABLE_MODULES = YES;
				CLANG_ENABLE_OBJC_ARC = YES;
				CLANG_ENABLE_OBJC_WEAK = YES;
				CLANG_WARN_BLOCK_CAPTURE_AUTORELEASING = YES;
				CLANG_WARN_BOOL_CONVERSION = YES;
				CLANG_WARN_COMMA = YES;
				CLANG_WARN_CONSTANT_CONVERSION = YES;
				CLANG_WARN_DEPRECATED_OBJC_IMPLEMENTATIONS = YES;
				CLANG_WARN_DIRECT_OBJC_ISA_USAGE = YES_ERROR;
				CLANG_WARN_DOCUMENTATION_COMMENTS = YES;
				CLANG_WARN_EMPTY_BODY = YES;
				CLANG_WARN_ENUM_CONVERSION = YES;
				CLANG_WARN_INFINITE_RECURSION = YES;
				CLANG_WARN_INT_CONVERSION = YES;
				CLANG_WARN_NON_LITERAL_NULL_CONVERSION = YES;
				CLANG_WARN_OBJC_IMPLICIT_RETAIN_SELF = YES;
				CLANG_WARN_OBJC_LITERAL_CONVERSION = YES;
				CLANG_WARN_OBJC_ROOT_CLASS = YES_ERROR;
				CLANG_WARN_QUOTED_INCLUDE_IN_FRAMEWORK_HEADER = YES;
				CLANG_WARN_RANGE_LOOP_ANALYSIS = YES;
				CLANG_WARN_STRICT_PROTOTYPES = YES;
				CLANG_WARN_SUSPICIOUS_MOVE = YES;
				CLANG_WARN_UNGUARDED_AVAILABILITY = YES_AGGRESSIVE;
				CLANG_WARN_UNREACHABLE_CODE = YES;
				CLANG_WARN__DUPLICATE_METHOD_MATCH = YES;
				COPY_PHASE_STRIP = NO;
				DEBUG_INFORMATION_FORMAT = dwarf;
				ENABLE_STRICT_OBJC_MSGSEND = YES;
				ENABLE_TESTABILITY = YES;
				GCC_C_LANGUAGE_STANDARD = gnu11;
				GCC_DYNAMIC_NO_PIC = NO;
				GCC_NO_COMMON_BLOCKS = YES;
				GCC_OPTIMIZATION_LEVEL = 0;
				GCC_PREPROCESSOR_DEFINITIONS = (
					"DEBUG=1",
					"$(inherited)",
				);
				GCC_WARN_64_TO_32_BIT_CONVERSION = YES;
				GCC_WARN_ABOUT_RETURN_TYPE = YES_ERROR;
				GCC_WARN_UNDECLARED_SELECTOR = YES;
				GCC_WARN_UNINITIALIZED_AUTOS = YES_AGGRESSIVE;
				GCC_WARN_UNUSED_FUNCTION = YES;
				GCC_WARN_UNUSED_VARIABLE = YES;
				IPHONEOS_DEPLOYMENT_TARGET = 14.0;
				MTL_ENABLE_DEBUG_INFO = INCLUDE_SOURCE;
				MTL_FAST_MATH = YES;
				ONLY_ACTIVE_ARCH = YES;
				SDKROOT = iphoneos;
				SWIFT_ACTIVE_COMPILATION_CONDITIONS = DEBUG;
				SWIFT_OPTIMIZATION_LEVEL = "-Onone";
			};
			name = Debug;
		};
		00B1A31F2A4D91B600664ED8 /* Release */ = {
			isa = XCBuildConfiguration;
			buildSettings = {
				ALWAYS_SEARCH_USER_PATHS = NO;
				CLANG_ANALYZER_NONNULL = YES;
				CLANG_ANALYZER_NUMBER_OBJECT_CONVERSION = YES_AGGRESSIVE;
				CLANG_CXX_LANGUAGE_STANDARD = "gnu++17";
				CLANG_CXX_LIBRARY = "libc++";
				CLANG_ENABLE_MODULES = YES;
				CLANG_ENABLE_OBJC_ARC = YES;
				CLANG_ENABLE_OBJC_WEAK = YES;
				CLANG_WARN_BLOCK_CAPTURE_AUTORELEASING = YES;
				CLANG_WARN_BOOL_CONVERSION = YES;
				CLANG_WARN_COMMA = YES;
				CLANG_WARN_CONSTANT_CONVERSION = YES;
				CLANG_WARN_DEPRECATED_OBJC_IMPLEMENTATIONS = YES;
				CLANG_WARN_DIRECT_OBJC_ISA_USAGE = YES_ERROR;
				CLANG_WARN_DOCUMENTATION_COMMENTS = YES;
				CLANG_WARN_EMPTY_BODY = YES;
				CLANG_WARN_ENUM_CONVERSION = YES;
				CLANG_WARN_INFINITE_RECURSION = YES;
				CLANG_WARN_INT_CONVERSION = YES;
				CLANG_WARN_NON_LITERAL_NULL_CONVERSION = YES;
				CLANG_WARN_OBJC_IMPLICIT_RETAIN_SELF = YES;
				CLANG_WARN_OBJC_LITERAL_CONVERSION = YES;
				CLANG_WARN_OBJC_ROOT_CLASS = YES_ERROR;
				CLANG_WARN_QUOTED_INCLUDE_IN_FRAMEWORK_HEADER = YES;
				CLANG_WARN_RANGE_LOOP_ANALYSIS = YES;
				CLANG_WARN_STRICT_PROTOTYPES = YES;
				CLANG_WARN_SUSPICIOUS_MOVE = YES;
				CLANG_WARN_UNGUARDED_AVAILABILITY = YES_AGGRESSIVE;
				CLANG_WARN_UNREACHABLE_CODE = YES;
				CLANG_WARN__DUPLICATE_METHOD_MATCH = YES;
				COPY_PHASE_STRIP = NO;
				DEBUG_INFORMATION_FORMAT = "dwarf-with-dsym";
				ENABLE_NS_ASSERTIONS = NO;
				ENABLE_STRICT_OBJC_MSGSEND = YES;
				GCC_C_LANGUAGE_STANDARD = gnu11;
				GCC_NO_COMMON_BLOCKS = YES;
				GCC_WARN_64_TO_32_BIT_CONVERSION = YES;
				GCC_WARN_ABOUT_RETURN_TYPE = YES_ERROR;
				GCC_WARN_UNDECLARED_SELECTOR = YES;
				GCC_WARN_UNINITIALIZED_AUTOS = YES_AGGRESSIVE;
				GCC_WARN_UNUSED_FUNCTION = YES;
				GCC_WARN_UNUSED_VARIABLE = YES;
				IPHONEOS_DEPLOYMENT_TARGET = 14.0;
				MTL_ENABLE_DEBUG_INFO = NO;
				MTL_FAST_MATH = YES;
				SDKROOT = iphoneos;
				SWIFT_COMPILATION_MODE = wholemodule;
				SWIFT_OPTIMIZATION_LEVEL = "-O";
				VALIDATE_PRODUCT = YES;
			};
			name = Release;
		};
		00B1A3212A4D91B600664ED8 /* Debug */ = {
			isa = XCBuildConfiguration;
			baseConfigurationReference = FC5BCDA1FAA18471ACCDEFBC /* Pods-Test.debug.xcconfig */;
			buildSettings = {
				ASSETCATALOG_COMPILER_APPICON_NAME = AppIcon;
				ASSETCATALOG_COMPILER_GLOBAL_ACCENT_COLOR_NAME = AccentColor;
				CODE_SIGN_STYLE = Automatic;
				CURRENT_PROJECT_VERSION = 1.3;
				GENERATE_INFOPLIST_FILE = YES;
				INFOPLIST_FILE = Test/Info.plist;
				INFOPLIST_KEY_UIApplicationSupportsIndirectInputEvents = YES;
				INFOPLIST_KEY_UILaunchStoryboardName = LaunchScreen;
				INFOPLIST_KEY_UIMainStoryboardFile = Main;
				INFOPLIST_KEY_UISupportedInterfaceOrientations_iPad = "UIInterfaceOrientationPortrait UIInterfaceOrientationPortraitUpsideDown UIInterfaceOrientationLandscapeLeft UIInterfaceOrientationLandscapeRight";
				INFOPLIST_KEY_UISupportedInterfaceOrientations_iPhone = "UIInterfaceOrientationPortrait UIInterfaceOrientationLandscapeLeft UIInterfaceOrientationLandscapeRight";
				IPHONEOS_DEPLOYMENT_TARGET = 14.0;
				LD_RUNPATH_SEARCH_PATHS = (
					"$(inherited)",
					"@executable_path/Frameworks",
				);
				MARKETING_VERSION = 1.0;
				PRODUCT_BUNDLE_IDENTIFIER = com.test.Test;
				PRODUCT_NAME = "$(TARGET_NAME)";
				SWIFT_EMIT_LOC_STRINGS = YES;
				SWIFT_VERSION = 5.0;
				TARGETED_DEVICE_FAMILY = "1,2";
			};
			name = Debug;
		};
		00B1A3222A4D91B600664ED8 /* Release */ = {
			isa = XCBuildConfiguration;
			baseConfigurationReference = 0CDB63F0FE5FB76C595C8C83 /* Pods-Test.release.xcconfig */;
			buildSettings = {
				ASSETCATALOG_COMPILER_APPICON_NAME = AppIcon;
				ASSETCATALOG_COMPILER_GLOBAL_ACCENT_COLOR_NAME = AccentColor;
				CODE_SIGN_STYLE = Automatic;
				CURRENT_PROJECT_VERSION = 1.3;
				GENERATE_INFOPLIST_FILE = YES;
				INFOPLIST_FILE = Test/Info.plist;
				INFOPLIST_KEY_UIApplicationSupportsIndirectInputEvents = YES;
				INFOPLIST_KEY_UILaunchStoryboardName = LaunchScreen;
				INFOPLIST_KEY_UIMainStoryboardFile = Main;
				INFOPLIST_KEY_UISupportedInterfaceOrientations_iPad = "UIInterfaceOrientationPortrait UIInterfaceOrientationPortraitUpsideDown UIInterfaceOrientationLandscapeLeft UIInterfaceOrientationLandscapeRight";
				INFOPLIST_KEY_UISupportedInterfaceOrientations_iPhone = "UIInterfaceOrientationPortrait UIInterfaceOrientationLandscapeLeft UIInterfaceOrientationLandscapeRight";
				IPHONEOS_DEPLOYMENT_TARGET = 14.0;
				LD_RUNPATH_SEARCH_PATHS = (
					"$(inherited)",
					"@executable_path/Frameworks",
				);
				MARKETING_VERSION = 1.0;
				PRODUCT_BUNDLE_IDENTIFIER = com.test.Test;
				PRODUCT_NAME = "$(TARGET_NAME)";
				SWIFT_EMIT_LOC_STRINGS = YES;
				SWIFT_VERSION = 5.0;
				TARGETED_DEVICE_FAMILY = "1,2";
			};
			name = Release;
		};
/* End XCBuildConfiguration section */

/* Begin XCConfigurationList section */
		00B1A3072A4D91B500664ED8 /* Build configuration list for PBXProject "Test" */ = {
			isa = XCConfigurationList;
			buildConfigurations = (
				00B1A31E2A4D91B600664ED8 /* Debug */,
				00B1A31F2A4D91B600664ED8 /* Release */,
			);
			defaultConfigurationIsVisible = 0;
			defaultConfigurationName = Release;
		};
		00B1A3202A4D91B600664ED8 /* Build configuration list for PBXNativeTarget "Test" */ = {
			isa = XCConfigurationList;
			buildConfigurations = (
				00B1A3212A4D91B600664ED8 /* Debug */,
				00B1A3222A4D91B600664ED8 /* Release */,
			);
			defaultConfigurationIsVisible = 0;
			defaultConfigurationName = Release;
		};
/* End XCConfigurationList section */
	};
	rootObject = 00B1A3042A4D91B500664ED8 /* Project object */;
}
